
Microsoft Visual Studio Solution File, Format Version 12.00
# Visual Studio Version 17
VisualStudioVersion = 17.2.32630.192
MinimumVisualStudioVersion = 10.0.40219.1
Project("{9A19103F-16F7-4668-BE54-9A1E7A4F7556}") = "R5T.T0219.Construction", "R5T.T0219.Construction\R5T.T0219.Construction.csproj", "{45C93515-5C39-4CDC-B7CD-D504815D126D}"
EndProject
Project("{9A19103F-16F7-4668-BE54-9A1E7A4F7556}") = "R5T.T0219", "R5T.T0219\R5T.T0219.csproj", "{F05C13E0-6319-4719-B465-97BB54B5BE4B}"
EndProject
Project("{2150E333-8FDC-42A3-9474-1A3956D46DE8}") = "_Dependencies", "_Dependencies", "{0728B407-D5B8-4107-B20D-ABC35CD7A047}"
EndProject
Project("{9A19103F-16F7-4668-BE54-9A1E7A4F7556}") = "R5T.T0132", "..\..\R5T.T0132\source\R5T.T0132\R5T.T0132.csproj", "{117E6779-CC0C-446D-A40A-679D5E6E7FB0}"
EndProject
Project("{9A19103F-16F7-4668-BE54-9A1E7A4F7556}") = "R5T.T0143", "..\..\R5T.T0143\source\R5T.T0143\R5T.T0143.csproj", "{FC74716F-03DF-4796-B189-60683CF7260B}"
EndProject
Project("{9A19103F-16F7-4668-BE54-9A1E7A4F7556}") = "R5T.T0178", "..\..\R5T.T0178\source\R5T.T0178\R5T.T0178.csproj", "{F457FF06-B742-4F9B-A409-E2B50C644B77}"
EndProject
Project("{9A19103F-16F7-4668-BE54-9A1E7A4F7556}") = "R5T.T0179", "..\..\R5T.T0179\source\R5T.T0179\R5T.T0179.csproj", "{0A1E371B-80BA-406B-8D7A-04DA028FB1C3}"
EndProject
Project("{9A19103F-16F7-4668-BE54-9A1E7A4F7556}") = "R5T.T0185", "..\..\R5T.T0185\source\R5T.T0185\R5T.T0185.csproj", "{75AB7983-A9B1-4D4C-A807-A3EC0645762F}"
EndProject
Global
	GlobalSection(NestedProjects) = preSolution
		{117E6779-CC0C-446D-A40A-679D5E6E7FB0} = {0728B407-D5B8-4107-B20D-ABC35CD7A047}
		{FC74716F-03DF-4796-B189-60683CF7260B} = {0728B407-D5B8-4107-B20D-ABC35CD7A047}
		{F457FF06-B742-4F9B-A409-E2B50C644B77} = {0728B407-D5B8-4107-B20D-ABC35CD7A047}
		{0A1E371B-80BA-406B-8D7A-04DA028FB1C3} = {0728B407-D5B8-4107-B20D-ABC35CD7A047}
		{75AB7983-A9B1-4D4C-A807-A3EC0645762F} = {0728B407-D5B8-4107-B20D-ABC35CD7A047}
	EndGlobalSection
	GlobalSection(SolutionConfigurationPlatforms) = preSolution
		Debug|Any CPU = Debug|Any CPU
		Release|Any CPU = Release|Any CPU
	EndGlobalSection
	GlobalSection(ProjectConfigurationPlatforms) = postSolution
		{45C93515-5C39-4CDC-B7CD-D504815D126D}.Debug|Any CPU.ActiveCfg = Debug|Any CPU
		{45C93515-5C39-4CDC-B7CD-D504815D126D}.Debug|Any CPU.Build.0 = Debug|Any CPU
		{45C93515-5C39-4CDC-B7CD-D504815D126D}.Release|Any CPU.ActiveCfg = Release|Any CPU
		{45C93515-5C39-4CDC-B7CD-D504815D126D}.Release|Any CPU.Build.0 = Release|Any CPU
		{F05C13E0-6319-4719-B465-97BB54B5BE4B}.Debug|Any CPU.ActiveCfg = Debug|Any CPU
		{F05C13E0-6319-4719-B465-97BB54B5BE4B}.Debug|Any CPU.Build.0 = Debug|Any CPU
		{F05C13E0-6319-4719-B465-97BB54B5BE4B}.Release|Any CPU.ActiveCfg = Release|Any CPU
		{F05C13E0-6319-4719-B465-97BB54B5BE4B}.Release|Any CPU.Build.0 = Release|Any CPU
		{117E6779-CC0C-446D-A40A-679D5E6E7FB0}.Debug|Any CPU.ActiveCfg = Debug|Any CPU
		{117E6779-CC0C-446D-A40A-679D5E6E7FB0}.Debug|Any CPU.Build.0 = Debug|Any CPU
		{117E6779-CC0C-446D-A40A-679D5E6E7FB0}.Release|Any CPU.ActiveCfg = Release|Any CPU
		{117E6779-CC0C-446D-A40A-679D5E6E7FB0}.Release|Any CPU.Build.0 = Release|Any CPU
		{FC74716F-03DF-4796-B189-60683CF7260B}.Debug|Any CPU.ActiveCfg = Debug|Any CPU
		{FC74716F-03DF-4796-B189-60683CF7260B}.Debug|Any CPU.Build.0 = Debug|Any CPU
		{FC74716F-03DF-4796-B189-60683CF7260B}.Release|Any CPU.ActiveCfg = Release|Any CPU
		{FC74716F-03DF-4796-B189-60683CF7260B}.Release|Any CPU.Build.0 = Release|Any CPU
		{F457FF06-B742-4F9B-A409-E2B50C644B77}.Debug|Any CPU.ActiveCfg = Debug|Any CPU
		{F457FF06-B742-4F9B-A409-E2B50C644B77}.Debug|Any CPU.Build.0 = Debug|Any CPU
		{F457FF06-B742-4F9B-A409-E2B50C644B77}.Release|Any CPU.ActiveCfg = Release|Any CPU
		{F457FF06-B742-4F9B-A409-E2B50C644B77}.Release|Any CPU.Build.0 = Release|Any CPU
		{0A1E371B-80BA-406B-8D7A-04DA028FB1C3}.Debug|Any CPU.ActiveCfg = Debug|Any CPU
		{0A1E371B-80BA-406B-8D7A-04DA028FB1C3}.Debug|Any CPU.Build.0 = Debug|Any CPU
		{0A1E371B-80BA-406B-8D7A-04DA028FB1C3}.Release|Any CPU.ActiveCfg = Release|Any CPU
		{0A1E371B-80BA-406B-8D7A-04DA028FB1C3}.Release|Any CPU.Build.0 = Release|Any CPU
		{75AB7983-A9B1-4D4C-A807-A3EC0645762F}.Debug|Any CPU.ActiveCfg = Debug|Any CPU
		{75AB7983-A9B1-4D4C-A807-A3EC0645762F}.Debug|Any CPU.Build.0 = Debug|Any CPU
		{75AB7983-A9B1-4D4C-A807-A3EC0645762F}.Release|Any CPU.ActiveCfg = Release|Any CPU
		{75AB7983-A9B1-4D4C-A807-A3EC0645762F}.Release|Any CPU.Build.0 = Release|Any CPU
	EndGlobalSection
	GlobalSection(SolutionProperties) = preSolution
		HideSolutionNode = FALSE
	EndGlobalSection
	GlobalSection(ExtensibilityGlobals) = postSolution
		SolutionGuid = {A3D6A962-0EC4-4474-B231-19CAF345EE3A}
	EndGlobalSection
EndGlobal
