
Microsoft Visual Studio Solution File, Format Version 12.00
# Visual Studio Version 17
VisualStudioVersion = 17.2.32630.192
MinimumVisualStudioVersion = 10.0.40219.1
Project("{9A19103F-16F7-4668-BE54-9A1E7A4F7556}") = "R5T.T0219", "R5T.T0219\R5T.T0219.csproj", "{3403DDE7-FD9B-482B-A512-EE5A036E3598}"
EndProject
Global
	GlobalSection(SolutionConfigurationPlatforms) = preSolution
		Debug|Any CPU = Debug|Any CPU
		Release|Any CPU = Release|Any CPU
	EndGlobalSection
	GlobalSection(ProjectConfigurationPlatforms) = postSolution
		{3403DDE7-FD9B-482B-A512-EE5A036E3598}.Debug|Any CPU.ActiveCfg = Debug|Any CPU
		{3403DDE7-FD9B-482B-A512-EE5A036E3598}.Debug|Any CPU.Build.0 = Debug|Any CPU
		{3403DDE7-FD9B-482B-A512-EE5A036E3598}.Release|Any CPU.ActiveCfg = Release|Any CPU
		{3403DDE7-FD9B-482B-A512-EE5A036E3598}.Release|Any CPU.Build.0 = Release|Any CPU
	EndGlobalSection
	GlobalSection(SolutionProperties) = preSolution
		HideSolutionNode = FALSE
	EndGlobalSection
	GlobalSection(ExtensibilityGlobals) = postSolution
		SolutionGuid = {B15F49DA-7B7B-4E8D-BF6F-74362BE36A0E}
	EndGlobalSection
EndGlobal
