
Microsoft Visual Studio Solution File, Format Version 12.00
# Visual Studio Version 17
VisualStudioVersion = 17.2.32630.192
MinimumVisualStudioVersion = 10.0.40219.1
Project("{9A19103F-16F7-4668-BE54-9A1E7A4F7556}") = "R5T.T0219", "R5T.T0219\R5T.T0219.csproj", "{3403DDE7-FD9B-482B-A512-EE5A036E3598}"
EndProject
Project("{2150E333-8FDC-42A3-9474-1A3956D46DE8}") = "_Dependencies", "_Dependencies", "{5C90FADA-94DD-46B8-9422-921DE753900F}"
EndProject
Project("{9A19103F-16F7-4668-BE54-9A1E7A4F7556}") = "R5T.T0132", "..\..\R5T.T0132\source\R5T.T0132\R5T.T0132.csproj", "{E3739FF4-BAD9-4518-AAE1-E910ABF60F9C}"
EndProject
Project("{9A19103F-16F7-4668-BE54-9A1E7A4F7556}") = "R5T.T0143", "..\..\R5T.T0143\source\R5T.T0143\R5T.T0143.csproj", "{D0F807EC-DF4E-47A8-A843-AFC604FA1EE1}"
EndProject
Project("{9A19103F-16F7-4668-BE54-9A1E7A4F7556}") = "R5T.T0178", "..\..\R5T.T0178\source\R5T.T0178\R5T.T0178.csproj", "{D6378B7D-7618-4475-92AD-040A94295996}"
EndProject
Project("{9A19103F-16F7-4668-BE54-9A1E7A4F7556}") = "R5T.T0179", "..\..\R5T.T0179\source\R5T.T0179\R5T.T0179.csproj", "{11886C6F-E9C4-44EA-BF98-64163425215D}"
EndProject
Project("{9A19103F-16F7-4668-BE54-9A1E7A4F7556}") = "R5T.T0185", "..\..\R5T.T0185\source\R5T.T0185\R5T.T0185.csproj", "{16088439-4834-4EFC-8D1B-43054334C19F}"
EndProject
Global
	GlobalSection(NestedProjects) = preSolution
		{E3739FF4-BAD9-4518-AAE1-E910ABF60F9C} = {5C90FADA-94DD-46B8-9422-921DE753900F}
		{D0F807EC-DF4E-47A8-A843-AFC604FA1EE1} = {5C90FADA-94DD-46B8-9422-921DE753900F}
		{D6378B7D-7618-4475-92AD-040A94295996} = {5C90FADA-94DD-46B8-9422-921DE753900F}
		{11886C6F-E9C4-44EA-BF98-64163425215D} = {5C90FADA-94DD-46B8-9422-921DE753900F}
		{16088439-4834-4EFC-8D1B-43054334C19F} = {5C90FADA-94DD-46B8-9422-921DE753900F}
	EndGlobalSection
	GlobalSection(SolutionConfigurationPlatforms) = preSolution
		Debug|Any CPU = Debug|Any CPU
		Release|Any CPU = Release|Any CPU
	EndGlobalSection
	GlobalSection(ProjectConfigurationPlatforms) = postSolution
		{3403DDE7-FD9B-482B-A512-EE5A036E3598}.Debug|Any CPU.ActiveCfg = Debug|Any CPU
		{3403DDE7-FD9B-482B-A512-EE5A036E3598}.Debug|Any CPU.Build.0 = Debug|Any CPU
		{3403DDE7-FD9B-482B-A512-EE5A036E3598}.Release|Any CPU.ActiveCfg = Release|Any CPU
		{3403DDE7-FD9B-482B-A512-EE5A036E3598}.Release|Any CPU.Build.0 = Release|Any CPU
		{E3739FF4-BAD9-4518-AAE1-E910ABF60F9C}.Debug|Any CPU.ActiveCfg = Debug|Any CPU
		{E3739FF4-BAD9-4518-AAE1-E910ABF60F9C}.Debug|Any CPU.Build.0 = Debug|Any CPU
		{E3739FF4-BAD9-4518-AAE1-E910ABF60F9C}.Release|Any CPU.ActiveCfg = Release|Any CPU
		{E3739FF4-BAD9-4518-AAE1-E910ABF60F9C}.Release|Any CPU.Build.0 = Release|Any CPU
		{D0F807EC-DF4E-47A8-A843-AFC604FA1EE1}.Debug|Any CPU.ActiveCfg = Debug|Any CPU
		{D0F807EC-DF4E-47A8-A843-AFC604FA1EE1}.Debug|Any CPU.Build.0 = Debug|Any CPU
		{D0F807EC-DF4E-47A8-A843-AFC604FA1EE1}.Release|Any CPU.ActiveCfg = Release|Any CPU
		{D0F807EC-DF4E-47A8-A843-AFC604FA1EE1}.Release|Any CPU.Build.0 = Release|Any CPU
		{D6378B7D-7618-4475-92AD-040A94295996}.Debug|Any CPU.ActiveCfg = Debug|Any CPU
		{D6378B7D-7618-4475-92AD-040A94295996}.Debug|Any CPU.Build.0 = Debug|Any CPU
		{D6378B7D-7618-4475-92AD-040A94295996}.Release|Any CPU.ActiveCfg = Release|Any CPU
		{D6378B7D-7618-4475-92AD-040A94295996}.Release|Any CPU.Build.0 = Release|Any CPU
		{11886C6F-E9C4-44EA-BF98-64163425215D}.Debug|Any CPU.ActiveCfg = Debug|Any CPU
		{11886C6F-E9C4-44EA-BF98-64163425215D}.Debug|Any CPU.Build.0 = Debug|Any CPU
		{11886C6F-E9C4-44EA-BF98-64163425215D}.Release|Any CPU.ActiveCfg = Release|Any CPU
		{11886C6F-E9C4-44EA-BF98-64163425215D}.Release|Any CPU.Build.0 = Release|Any CPU
		{16088439-4834-4EFC-8D1B-43054334C19F}.Debug|Any CPU.ActiveCfg = Debug|Any CPU
		{16088439-4834-4EFC-8D1B-43054334C19F}.Debug|Any CPU.Build.0 = Debug|Any CPU
		{16088439-4834-4EFC-8D1B-43054334C19F}.Release|Any CPU.ActiveCfg = Release|Any CPU
		{16088439-4834-4EFC-8D1B-43054334C19F}.Release|Any CPU.Build.0 = Release|Any CPU
	EndGlobalSection
	GlobalSection(SolutionProperties) = preSolution
		HideSolutionNode = FALSE
	EndGlobalSection
	GlobalSection(ExtensibilityGlobals) = postSolution
		SolutionGuid = {B15F49DA-7B7B-4E8D-BF6F-74362BE36A0E}
	EndGlobalSection
EndGlobal
