
Microsoft Visual Studio Solution File, Format Version 12.00
# Visual Studio Version 17
VisualStudioVersion = 17.2.32630.192
MinimumVisualStudioVersion = 10.0.40219.1
Project("{9A19103F-16F7-4668-BE54-9A1E7A4F7556}") = "R5T.T0219.Construction", "R5T.T0219.Construction\R5T.T0219.Construction.csproj", "{45C93515-5C39-4CDC-B7CD-D504815D126D}"
EndProject
Project("{9A19103F-16F7-4668-BE54-9A1E7A4F7556}") = "R5T.T0219", "R5T.T0219\R5T.T0219.csproj", "{F05C13E0-6319-4719-B465-97BB54B5BE4B}"
EndProject
Global
	GlobalSection(SolutionConfigurationPlatforms) = preSolution
		Debug|Any CPU = Debug|Any CPU
		Release|Any CPU = Release|Any CPU
	EndGlobalSection
	GlobalSection(ProjectConfigurationPlatforms) = postSolution
		{45C93515-5C39-4CDC-B7CD-D504815D126D}.Debug|Any CPU.ActiveCfg = Debug|Any CPU
		{45C93515-5C39-4CDC-B7CD-D504815D126D}.Debug|Any CPU.Build.0 = Debug|Any CPU
		{45C93515-5C39-4CDC-B7CD-D504815D126D}.Release|Any CPU.ActiveCfg = Release|Any CPU
		{45C93515-5C39-4CDC-B7CD-D504815D126D}.Release|Any CPU.Build.0 = Release|Any CPU
		{F05C13E0-6319-4719-B465-97BB54B5BE4B}.Debug|Any CPU.ActiveCfg = Debug|Any CPU
		{F05C13E0-6319-4719-B465-97BB54B5BE4B}.Debug|Any CPU.Build.0 = Debug|Any CPU
		{F05C13E0-6319-4719-B465-97BB54B5BE4B}.Release|Any CPU.ActiveCfg = Release|Any CPU
		{F05C13E0-6319-4719-B465-97BB54B5BE4B}.Release|Any CPU.Build.0 = Release|Any CPU
	EndGlobalSection
	GlobalSection(SolutionProperties) = preSolution
		HideSolutionNode = FALSE
	EndGlobalSection
	GlobalSection(ExtensibilityGlobals) = postSolution
		SolutionGuid = {A3D6A962-0EC4-4474-B231-19CAF345EE3A}
	EndGlobalSection
EndGlobal
